
Microsoft Visual Studio Solution File, Format Version 12.00
# Visual Studio Version 16
VisualStudioVersion = 16.0.30907.101
MinimumVisualStudioVersion = 10.0.40219.1
Project("{FAE04EC0-301F-11D3-BF4B-00C04F79EFBC}") = "AX.DataRepository", "AX.DataRepository\AX.DataRepository.csproj", "{D5D50EFD-4965-4A45-B709-C4F75B959B36}"
EndProject
Global
	GlobalSection(SolutionConfigurationPlatforms) = preSolution
		Debug|Any CPU = Debug|Any CPU
		Release|Any CPU = Release|Any CPU
	EndGlobalSection
	GlobalSection(ProjectConfigurationPlatforms) = postSolution
		{D5D50EFD-4965-4A45-B709-C4F75B959B36}.Debug|Any CPU.ActiveCfg = Debug|Any CPU
		{D5D50EFD-4965-4A45-B709-C4F75B959B36}.Debug|Any CPU.Build.0 = Debug|Any CPU
		{D5D50EFD-4965-4A45-B709-C4F75B959B36}.Release|Any CPU.ActiveCfg = Release|Any CPU
		{D5D50EFD-4965-4A45-B709-C4F75B959B36}.Release|Any CPU.Build.0 = Release|Any CPU
	EndGlobalSection
	GlobalSection(SolutionProperties) = preSolution
		HideSolutionNode = FALSE
	EndGlobalSection
	GlobalSection(ExtensibilityGlobals) = postSolution
		SolutionGuid = {21A75067-E995-41CA-A9E5-15D85965200D}
	EndGlobalSection
EndGlobal
